
Microsoft Visual Studio Solution File, Format Version 12.00
# Visual Studio 2012
Project("{8BC9CEB8-8B4A-11D0-8D11-00A0C91BC942}") = "Inspire", "Inspire\Inspire.vcxproj", "{D143DC12-36AB-4DD9-A607-28DEBE249C0F}"
EndProject
Project("{8BC9CEB8-8B4A-11D0-8D11-00A0C91BC942}") = "UIDesigner", "UIDesigner\UIDesigner.vcxproj", "{CBA2E53A-AD34-4E71-A2B5-1347F603565C}"
EndProject
Global
	GlobalSection(SolutionConfigurationPlatforms) = preSolution
		Debug|Win32 = Debug|Win32
		Release|Win32 = Release|Win32
	EndGlobalSection
	GlobalSection(ProjectConfigurationPlatforms) = postSolution
		{D143DC12-36AB-4DD9-A607-28DEBE249C0F}.Debug|Win32.ActiveCfg = Debug|Win32
		{D143DC12-36AB-4DD9-A607-28DEBE249C0F}.Debug|Win32.Build.0 = Debug|Win32
		{D143DC12-36AB-4DD9-A607-28DEBE249C0F}.Release|Win32.ActiveCfg = Release|Win32
		{D143DC12-36AB-4DD9-A607-28DEBE249C0F}.Release|Win32.Build.0 = Release|Win32
		{CBA2E53A-AD34-4E71-A2B5-1347F603565C}.Debug|Win32.ActiveCfg = Debug|Win32
		{CBA2E53A-AD34-4E71-A2B5-1347F603565C}.Debug|Win32.Build.0 = Debug|Win32
		{CBA2E53A-AD34-4E71-A2B5-1347F603565C}.Release|Win32.ActiveCfg = Release|Win32
		{CBA2E53A-AD34-4E71-A2B5-1347F603565C}.Release|Win32.Build.0 = Release|Win32
	EndGlobalSection
	GlobalSection(SolutionProperties) = preSolution
		HideSolutionNode = FALSE
	EndGlobalSection
EndGlobal
